{
  "name": "pallier",
  "version": "1.0.0",
  "lockfileVersion": 1,
  "requires": true,
  "dependencies": {
    "bigint-crypto-utils": {
      "version": "3.0.14",
      "resolved": "https://registry.npmjs.org/bigint-crypto-utils/-/bigint-crypto-utils-3.0.14.tgz",
      "integrity": "sha512-LVLUcjtzznoEMU+v1WEo+XsBZTPOMGZsJi8n+lQ4ufv/20448lm+HeO/p3dKlqH7C3pdsFLHnsUpbI/t9GbB/A==",
      "requires": {
        "bigint-mod-arith": "^3.0.0"
      }
    },
    "bigint-mod-arith": {
      "version": "3.0.0",
      "resolved": "https://registry.npmjs.org/bigint-mod-arith/-/bigint-mod-arith-3.0.0.tgz",
      "integrity": "sha512-fwQZhVES5WGfQZCKS5IwBaOZOFA5A7d9tfEeXve9896EJK5ijJCCfPY8cjgFLDjfEZkGWdBBbl/7Nt3k1DJK7Q=="
    },
    "paillier-bigint": {
      "version": "3.2.3",
      "resolved": "https://registry.npmjs.org/paillier-bigint/-/paillier-bigint-3.2.3.tgz",
      "integrity": "sha512-Came9woOjbMfxNKRFUw7gICCy7gqlMlsMarRb+KYrNcz1S8Q/xj/T95Zpx4sDb31o9zasJBWT8NDaoC6JW49MQ==",
      "requires": {
        "bigint-crypto-utils": "^3.0.7"
      }
    }
  }
}
